
Microsoft Visual Studio Solution File, Format Version 12.00
# Visual Studio Version 17
VisualStudioVersion = 17.8.34309.116
MinimumVisualStudioVersion = 10.0.40219.1
Project("{FAE04EC0-301F-11D3-BF4B-00C04F79EFBC}") = "BuildGame", "BuildGame\BuildGame.csproj", "{F380B1BC-1F92-42F5-BF33-16DEF5E73D9B}"
EndProject
Global
	GlobalSection(SolutionConfigurationPlatforms) = preSolution
		Debug|Any CPU = Debug|Any CPU
		Release|Any CPU = Release|Any CPU
	EndGlobalSection
	GlobalSection(ProjectConfigurationPlatforms) = postSolution
		{F380B1BC-1F92-42F5-BF33-16DEF5E73D9B}.Debug|Any CPU.ActiveCfg = Debug|Any CPU
		{F380B1BC-1F92-42F5-BF33-16DEF5E73D9B}.Debug|Any CPU.Build.0 = Debug|Any CPU
		{F380B1BC-1F92-42F5-BF33-16DEF5E73D9B}.Release|Any CPU.ActiveCfg = Release|Any CPU
		{F380B1BC-1F92-42F5-BF33-16DEF5E73D9B}.Release|Any CPU.Build.0 = Release|Any CPU
	EndGlobalSection
	GlobalSection(SolutionProperties) = preSolution
		HideSolutionNode = FALSE
	EndGlobalSection
	GlobalSection(ExtensibilityGlobals) = postSolution
		SolutionGuid = {CF091B34-10E3-4AE0-99EF-1CA4BDC06958}
	EndGlobalSection
EndGlobal
